{
  "name": "@zerox1/sdk",
  "version": "0.2.16",
  "lockfileVersion": 3,
  "requires": true,
  "packages": {
    "": {
      "name": "@zerox1/sdk",
      "version": "0.2.16",
      "license": "MIT",
      "dependencies": {
        "@noble/ed25519": "^3.0.0",
        "ws": "^8.18.0"
      },
      "devDependencies": {
        "@types/node": "^22.0.0",
        "@types/ws": "^8.5.13",
        "typescript": "^5.7.0"
      },
      "optionalDependencies": {
        "@zerox1/sdk-darwin-arm64": "0.2.16",
        "@zerox1/sdk-darwin-x64": "0.2.16",
        "@zerox1/sdk-linux-x64": "0.2.16",
        "@zerox1/sdk-win32-x64": "0.2.16"
      }
    },
    "node_modules/@noble/ed25519": {
      "version": "3.0.0",
      "resolved": "https://registry.npmjs.org/@noble/ed25519/-/ed25519-3.0.0.tgz",
      "integrity": "sha512-QyteqMNm0GLqfa5SoYbSC3+Pvykwpn95Zgth4MFVSMKBB75ELl9tX1LAVsN4c3HXOrakHsF2gL4zWDAYCcsnzg==",
      "license": "MIT",
      "funding": {
        "url": "https://paulmillr.com/funding/"
      }
    },
    "node_modules/@types/node": {
      "version": "22.19.13",
      "resolved": "https://registry.npmjs.org/@types/node/-/node-22.19.13.tgz",
      "integrity": "sha512-akNQMv0wW5uyRpD2v2IEyRSZiR+BeGuoB6L310EgGObO44HSMNT8z1xzio28V8qOrgYaopIDNA18YgdXd+qTiw==",
      "dev": true,
      "license": "MIT",
      "dependencies": {
        "undici-types": "~6.21.0"
      }
    },
    "node_modules/@types/ws": {
      "version": "8.18.1",
      "resolved": "https://registry.npmjs.org/@types/ws/-/ws-8.18.1.tgz",
      "integrity": "sha512-ThVF6DCVhA8kUGy+aazFQ4kXQ7E1Ty7A3ypFOe0IcJV8O/M511G99AW24irKrW56Wt44yG9+ij8FaqoBGkuBXg==",
      "dev": true,
      "license": "MIT",
      "dependencies": {
        "@types/node": "*"
      }
    },
    "node_modules/@zerox1/sdk-darwin-arm64": {
      "version": "0.2.16",
      "resolved": "https://registry.npmjs.org/@zerox1/sdk-darwin-arm64/-/sdk-darwin-arm64-0.2.16.tgz",
      "integrity": "sha512-p325TMhvj+sSncNoTl59uCzkWZUi0bRAKjT5uONouopYlTkxmJ6N4thxpWIlyeKg8tn7Pmv4ZQY/85JVdw+/jQ==",
      "cpu": [
        "arm64"
      ],
      "license": "MIT",
      "optional": true,
      "os": [
        "darwin"
      ]
    },
    "node_modules/@zerox1/sdk-darwin-x64": {
      "version": "0.2.16",
      "resolved": "https://registry.npmjs.org/@zerox1/sdk-darwin-x64/-/sdk-darwin-x64-0.2.16.tgz",
      "integrity": "sha512-8XzjVOLh/bhVPLjyZPpvHPNmf/Rm93auAJHorcPPP960+Hc0lTjkW/a35c+J04YQvVukQ99qvrDNj5sCn2KGyQ==",
      "cpu": [
        "x64"
      ],
      "license": "MIT",
      "optional": true,
      "os": [
        "darwin"
      ]
    },
    "node_modules/@zerox1/sdk-linux-x64": {
      "version": "0.2.16",
      "resolved": "https://registry.npmjs.org/@zerox1/sdk-linux-x64/-/sdk-linux-x64-0.2.16.tgz",
      "integrity": "sha512-ognB3q5n3hNUEOAVU7j0S7Lcaos+oVc9xIK/j+n3Lm9RP5O6JlE5RL/20CfcaMxxzgRpEaygsJNib1tL4BXDMQ==",
      "cpu": [
        "x64"
      ],
      "license": "MIT",
      "optional": true,
      "os": [
        "linux"
      ]
    },
    "node_modules/@zerox1/sdk-win32-x64": {
      "version": "0.2.16",
      "resolved": "https://registry.npmjs.org/@zerox1/sdk-win32-x64/-/sdk-win32-x64-0.2.16.tgz",
      "integrity": "sha512-d923Ruyum1AMtlOcT1fjz5RuaNRb3Tj/NO/cIUC8gqnVinp3vXdL+eoRT+oHBegcDVlXizCmPB2IvV2705pHvQ==",
      "cpu": [
        "x64"
      ],
      "license": "MIT",
      "optional": true,
      "os": [
        "win32"
      ]
    },
    "node_modules/typescript": {
      "version": "5.9.3",
      "resolved": "https://registry.npmjs.org/typescript/-/typescript-5.9.3.tgz",
      "integrity": "sha512-jl1vZzPDinLr9eUt3J/t7V6FgNEw9QjvBPdysz9KfQDD41fQrC2Y4vKQdiaUpFT4bXlb1RHhLpp8wtm6M5TgSw==",
      "dev": true,
      "license": "Apache-2.0",
      "bin": {
        "tsc": "bin/tsc",
        "tsserver": "bin/tsserver"
      },
      "engines": {
        "node": ">=14.17"
      }
    },
    "node_modules/undici-types": {
      "version": "6.21.0",
      "resolved": "https://registry.npmjs.org/undici-types/-/undici-types-6.21.0.tgz",
      "integrity": "sha512-iwDZqg0QAGrg9Rav5H4n0M64c3mkR59cJ6wQp+7C4nI0gsmExaedaYLNO44eT4AtBBwjbTiGPMlt2Md0T9H9JQ==",
      "dev": true,
      "license": "MIT"
    },
    "node_modules/ws": {
      "version": "8.19.0",
      "resolved": "https://registry.npmjs.org/ws/-/ws-8.19.0.tgz",
      "integrity": "sha512-blAT2mjOEIi0ZzruJfIhb3nps74PRWTCz1IjglWEEpQl5XS/UNama6u2/rjFkDDouqr4L67ry+1aGIALViWjDg==",
      "license": "MIT",
      "engines": {
        "node": ">=10.0.0"
      },
      "peerDependencies": {
        "bufferutil": "^4.0.1",
        "utf-8-validate": ">=5.0.2"
      },
      "peerDependenciesMeta": {
        "bufferutil": {
          "optional": true
        },
        "utf-8-validate": {
          "optional": true
        }
      }
    }
  }
}
